{
  "version": 4,
  "terraform_version": "1.12.2",
  "serial": 2,
  "lineage": "4c1be108-e0b3-306d-f22a-9ac9452d0a81",
  "outputs": {
    "ecr_url": {
      "value": "632244887993.dkr.ecr.us-east-1.amazonaws.com/enacom-desafio-repo",
      "type": "string"
    }
  },
  "resources": [
    {
      "module": "module.serveless",
      "mode": "managed",
      "type": "aws_ecr_repository",
      "name": "app_repo",
      "provider": "provider[\"registry.terraform.io/hashicorp/aws\"]",
      "instances": [
        {
          "schema_version": 0,
          "attributes": {
            "arn": "arn:aws:ecr:us-east-1:632244887993:repository/enacom-desafio-repo",
            "encryption_configuration": [
              {
                "encryption_type": "AES256",
                "kms_key": ""
              }
            ],
            "force_delete": true,
            "id": "enacom-desafio-repo",
            "image_scanning_configuration": [
              {
                "scan_on_push": false
              }
            ],
            "image_tag_mutability": "MUTABLE",
            "name": "enacom-desafio-repo",
            "registry_id": "632244887993",
            "repository_url": "632244887993.dkr.ecr.us-east-1.amazonaws.com/enacom-desafio-repo",
            "tags": null,
            "tags_all": {
              "Environment": "Dev",
              "ManagedBy": "Terraform",
              "Project": "DesafioEnacom"
            },
            "timeouts": null
          },
          "sensitive_attributes": [],
          "identity_schema_version": 0,
          "private": "eyJlMmJmYjczMC1lY2FhLTExZTYtOGY4OC0zNDM2M2JjN2M0YzAiOnsiZGVsZXRlIjoxMjAwMDAwMDAwMDAwfX0="
        }
      ]
    }
  ],
  "check_results": null
}
